// !$*UTF8*$!
{
	archiveVersion = 1;
	classes = {
	};
	objectVersion = 46;
	objects = {

/* Begin PBXBuildFile section */
		6ED946FD28E85130645D4162 /* Pods_IntroToRealm.framework in Frameworks */ = {isa = PBXBuildFile; fileRef = 3A139B6539E8B1F4FD9A2233 /* Pods_IntroToRealm.framework */; };
		DA865B161E69EF1000DFC73A /* main.m in Sources */ = {isa = PBXBuildFile; fileRef = DA865B151E69EF1000DFC73A /* main.m */; };
		DA865B191E69EF1000DFC73A /* AppDelegate.m in Sources */ = {isa = PBXBuildFile; fileRef = DA865B181E69EF1000DFC73A /* AppDelegate.m */; };
		DA865B1C1E69EF1000DFC73A /* MasterViewController.m in Sources */ = {isa = PBXBuildFile; fileRef = DA865B1B1E69EF1000DFC73A /* MasterViewController.m */; };
		DA865B1F1E69EF1000DFC73A /* DetailViewController.m in Sources */ = {isa = PBXBuildFile; fileRef = DA865B1E1E69EF1000DFC73A /* DetailViewController.m */; };
		DA865B221E69EF1000DFC73A /* Main.storyboard in Resources */ = {isa = PBXBuildFile; fileRef = DA865B201E69EF1000DFC73A /* Main.storyboard */; };
		DA865B241E69EF1000DFC73A /* Assets.xcassets in Resources */ = {isa = PBXBuildFile; fileRef = DA865B231E69EF1000DFC73A /* Assets.xcassets */; };
		DA865B271E69EF1000DFC73A /* LaunchScreen.storyboard in Resources */ = {isa = PBXBuildFile; fileRef = DA865B251E69EF1000DFC73A /* LaunchScreen.storyboard */; };
		DA865B301E69F6C800DFC73A /* Room.m in Sources */ = {isa = PBXBuildFile; fileRef = DA865B2F1E69F6C800DFC73A /* Room.m */; };
		DA865B331E69F73200DFC73A /* Furniture.m in Sources */ = {isa = PBXBuildFile; fileRef = DA865B321E69F73200DFC73A /* Furniture.m */; };
/* End PBXBuildFile section */

/* Begin PBXFileReference section */
		3A139B6539E8B1F4FD9A2233 /* Pods_IntroToRealm.framework */ = {isa = PBXFileReference; explicitFileType = wrapper.framework; includeInIndex = 0; path = Pods_IntroToRealm.framework; sourceTree = BUILT_PRODUCTS_DIR; };
		858E1C30211B10E13D561CAD /* Pods-IntroToRealm.release.xcconfig */ = {isa = PBXFileReference; includeInIndex = 1; lastKnownFileType = text.xcconfig; name = "Pods-IntroToRealm.release.xcconfig"; path = "Pods/Target Support Files/Pods-IntroToRealm/Pods-IntroToRealm.release.xcconfig"; sourceTree = "<group>"; };
		DA865B111E69EF1000DFC73A /* IntroToRealm.app */ = {isa = PBXFileReference; explicitFileType = wrapper.application; includeInIndex = 0; path = IntroToRealm.app; sourceTree = BUILT_PRODUCTS_DIR; };
		DA865B151E69EF1000DFC73A /* main.m */ = {isa = PBXFileReference; lastKnownFileType = sourcecode.c.objc; path = main.m; sourceTree = "<group>"; };
		DA865B171E69EF1000DFC73A /* AppDelegate.h */ = {isa = PBXFileReference; lastKnownFileType = sourcecode.c.h; path = AppDelegate.h; sourceTree = "<group>"; };
		DA865B181E69EF1000DFC73A /* AppDelegate.m */ = {isa = PBXFileReference; lastKnownFileType = sourcecode.c.objc; path = AppDelegate.m; sourceTree = "<group>"; };
		DA865B1A1E69EF1000DFC73A /* MasterViewController.h */ = {isa = PBXFileReference; lastKnownFileType = sourcecode.c.h; path = MasterViewController.h; sourceTree = "<group>"; };
		DA865B1B1E69EF1000DFC73A /* MasterViewController.m */ = {isa = PBXFileReference; lastKnownFileType = sourcecode.c.objc; path = MasterViewController.m; sourceTree = "<group>"; };
		DA865B1D1E69EF1000DFC73A /* DetailViewController.h */ = {isa = PBXFileReference; lastKnownFileType = sourcecode.c.h; path = DetailViewController.h; sourceTree = "<group>"; };
		DA865B1E1E69EF1000DFC73A /* DetailViewController.m */ = {isa = PBXFileReference; lastKnownFileType = sourcecode.c.objc; path = DetailViewController.m; sourceTree = "<group>"; };
		DA865B211E69EF1000DFC73A /* Base */ = {isa = PBXFileReference; lastKnownFileType = file.storyboard; name = Base; path = Base.lproj/Main.storyboard; sourceTree = "<group>"; };
		DA865B231E69EF1000DFC73A /* Assets.xcassets */ = {isa = PBXFileReference; lastKnownFileType = folder.assetcatalog; path = Assets.xcassets; sourceTree = "<group>"; };
		DA865B261E69EF1000DFC73A /* Base */ = {isa = PBXFileReference; lastKnownFileType = file.storyboard; name = Base; path = Base.lproj/LaunchScreen.storyboard; sourceTree = "<group>"; };
		DA865B281E69EF1000DFC73A /* Info.plist */ = {isa = PBXFileReference; lastKnownFileType = text.plist.xml; path = Info.plist; sourceTree = "<group>"; };
		DA865B2E1E69F6C800DFC73A /* Room.h */ = {isa = PBXFileReference; fileEncoding = 4; lastKnownFileType = sourcecode.c.h; path = Room.h; sourceTree = "<group>"; };
		DA865B2F1E69F6C800DFC73A /* Room.m */ = {isa = PBXFileReference; fileEncoding = 4; lastKnownFileType = sourcecode.c.objc; path = Room.m; sourceTree = "<group>"; };
		DA865B311E69F73200DFC73A /* Furniture.h */ = {isa = PBXFileReference; fileEncoding = 4; lastKnownFileType = sourcecode.c.h; path = Furniture.h; sourceTree = "<group>"; };
		DA865B321E69F73200DFC73A /* Furniture.m */ = {isa = PBXFileReference; fileEncoding = 4; lastKnownFileType = sourcecode.c.objc; path = Furniture.m; sourceTree = "<group>"; };
		E42539579EC058AD7BEE99C4 /* Pods-IntroToRealm.debug.xcconfig */ = {isa = PBXFileReference; includeInIndex = 1; lastKnownFileType = text.xcconfig; name = "Pods-IntroToRealm.debug.xcconfig"; path = "Pods/Target Support Files/Pods-IntroToRealm/Pods-IntroToRealm.debug.xcconfig"; sourceTree = "<group>"; };
/* End PBXFileReference section */

/* Begin PBXFrameworksBuildPhase section */
		DA865B0E1E69EF1000DFC73A /* Frameworks */ = {
			isa = PBXFrameworksBuildPhase;
			buildActionMask = 2147483647;
			files = (
				6ED946FD28E85130645D4162 /* Pods_IntroToRealm.framework in Frameworks */,
			);
			runOnlyForDeploymentPostprocessing = 0;
		};
/* End PBXFrameworksBuildPhase section */

/* Begin PBXGroup section */
		4D7A6D44883CE073E8C25C9F /* Frameworks */ = {
			isa = PBXGroup;
			children = (
				3A139B6539E8B1F4FD9A2233 /* Pods_IntroToRealm.framework */,
			);
			name = Frameworks;
			sourceTree = "<group>";
		};
		D5A9C111AEE612A8DFD1A6A1 /* Pods */ = {
			isa = PBXGroup;
			children = (
				E42539579EC058AD7BEE99C4 /* Pods-IntroToRealm.debug.xcconfig */,
				858E1C30211B10E13D561CAD /* Pods-IntroToRealm.release.xcconfig */,
			);
			name = Pods;
			sourceTree = "<group>";
		};
		DA865B081E69EF1000DFC73A = {
			isa = PBXGroup;
			children = (
				DA865B131E69EF1000DFC73A /* IntroToRealm */,
				DA865B121E69EF1000DFC73A /* Products */,
				D5A9C111AEE612A8DFD1A6A1 /* Pods */,
				4D7A6D44883CE073E8C25C9F /* Frameworks */,
			);
			sourceTree = "<group>";
		};
		DA865B121E69EF1000DFC73A /* Products */ = {
			isa = PBXGroup;
			children = (
				DA865B111E69EF1000DFC73A /* IntroToRealm.app */,
			);
			name = Products;
			sourceTree = "<group>";
		};
		DA865B131E69EF1000DFC73A /* IntroToRealm */ = {
			isa = PBXGroup;
			children = (
				DA865B171E69EF1000DFC73A /* AppDelegate.h */,
				DA865B181E69EF1000DFC73A /* AppDelegate.m */,
				DA865B1A1E69EF1000DFC73A /* MasterViewController.h */,
				DA865B1B1E69EF1000DFC73A /* MasterViewController.m */,
				DA865B311E69F73200DFC73A /* Furniture.h */,
				DA865B321E69F73200DFC73A /* Furniture.m */,
				DA865B2E1E69F6C800DFC73A /* Room.h */,
				DA865B2F1E69F6C800DFC73A /* Room.m */,
				DA865B1D1E69EF1000DFC73A /* DetailViewController.h */,
				DA865B1E1E69EF1000DFC73A /* DetailViewController.m */,
				DA865B201E69EF1000DFC73A /* Main.storyboard */,
				DA865B231E69EF1000DFC73A /* Assets.xcassets */,
				DA865B251E69EF1000DFC73A /* LaunchScreen.storyboard */,
				DA865B281E69EF1000DFC73A /* Info.plist */,
				DA865B141E69EF1000DFC73A /* Supporting Files */,
			);
			path = IntroToRealm;
			sourceTree = "<group>";
		};
		DA865B141E69EF1000DFC73A /* Supporting Files */ = {
			isa = PBXGroup;
			children = (
				DA865B151E69EF1000DFC73A /* main.m */,
			);
			name = "Supporting Files";
			sourceTree = "<group>";
		};
/* End PBXGroup section */

/* Begin PBXNativeTarget section */
		DA865B101E69EF1000DFC73A /* IntroToRealm */ = {
			isa = PBXNativeTarget;
			buildConfigurationList = DA865B2B1E69EF1000DFC73A /* Build configuration list for PBXNativeTarget "IntroToRealm" */;
			buildPhases = (
				40D85FFBCD33659AD78CE68C /* [CP] Check Pods Manifest.lock */,
				DA865B0D1E69EF1000DFC73A /* Sources */,
				DA865B0E1E69EF1000DFC73A /* Frameworks */,
				DA865B0F1E69EF1000DFC73A /* Resources */,
				DA9D19DEBB2B547678BABF11 /* [CP] Embed Pods Frameworks */,
				15E18C02116BB9DF8C0763B3 /* [CP] Copy Pods Resources */,
			);
			buildRules = (
			);
			dependencies = (
			);
			name = IntroToRealm;
			productName = IntroToRealm;
			productReference = DA865B111E69EF1000DFC73A /* IntroToRealm.app */;
			productType = "com.apple.product-type.application";
		};
/* End PBXNativeTarget section */

/* Begin PBXProject section */
		DA865B091E69EF1000DFC73A /* Project object */ = {
			isa = PBXProject;
			attributes = {
				LastUpgradeCheck = 0820;
				ORGANIZATIONNAME = leomoon;
				TargetAttributes = {
					DA865B101E69EF1000DFC73A = {
						CreatedOnToolsVersion = 8.2.1;
						DevelopmentTeam = UZD8JHA5UW;
						ProvisioningStyle = Automatic;
					};
				};
			};
			buildConfigurationList = DA865B0C1E69EF1000DFC73A /* Build configuration list for PBXProject "IntroToRealm" */;
			compatibilityVersion = "Xcode 3.2";
			developmentRegion = English;
			hasScannedForEncodings = 0;
			knownRegions = (
				en,
				Base,
			);
			mainGroup = DA865B081E69EF1000DFC73A;
			productRefGroup = DA865B121E69EF1000DFC73A /* Products */;
			projectDirPath = "";
			projectRoot = "";
			targets = (
				DA865B101E69EF1000DFC73A /* IntroToRealm */,
			);
		};
/* End PBXProject section */

/* Begin PBXResourcesBuildPhase section */
		DA865B0F1E69EF1000DFC73A /* Resources */ = {
			isa = PBXResourcesBuildPhase;
			buildActionMask = 2147483647;
			files = (
				DA865B271E69EF1000DFC73A /* LaunchScreen.storyboard in Resources */,
				DA865B241E69EF1000DFC73A /* Assets.xcassets in Resources */,
				DA865B221E69EF1000DFC73A /* Main.storyboard in Resources */,
			);
			runOnlyForDeploymentPostprocessing = 0;
		};
/* End PBXResourcesBuildPhase section */

/* Begin PBXShellScriptBuildPhase section */
		15E18C02116BB9DF8C0763B3 /* [CP] Copy Pods Resources */ = {
			isa = PBXShellScriptBuildPhase;
			buildActionMask = 2147483647;
			files = (
			);
			inputPaths = (
			);
			name = "[CP] Copy Pods Resources";
			outputPaths = (
			);
			runOnlyForDeploymentPostprocessing = 0;
			shellPath = /bin/sh;
			shellScript = "\"${SRCROOT}/Pods/Target Support Files/Pods-IntroToRealm/Pods-IntroToRealm-resources.sh\"\n";
			showEnvVarsInLog = 0;
		};
		40D85FFBCD33659AD78CE68C /* [CP] Check Pods Manifest.lock */ = {
			isa = PBXShellScriptBuildPhase;
			buildActionMask = 2147483647;
			files = (
			);
			inputPaths = (
			);
			name = "[CP] Check Pods Manifest.lock";
			outputPaths = (
			);
			runOnlyForDeploymentPostprocessing = 0;
			shellPath = /bin/sh;
			shellScript = "diff \"${PODS_ROOT}/../Podfile.lock\" \"${PODS_ROOT}/Manifest.lock\" > /dev/null\nif [ $? != 0 ] ; then\n    # print error to STDERR\n    echo \"error: The sandbox is not in sync with the Podfile.lock. Run 'pod install' or update your CocoaPods installation.\" >&2\n    exit 1\nfi\n";
			showEnvVarsInLog = 0;
		};
		DA9D19DEBB2B547678BABF11 /* [CP] Embed Pods Frameworks */ = {
			isa = PBXShellScriptBuildPhase;
			buildActionMask = 2147483647;
			files = (
			);
			inputPaths = (
			);
			name = "[CP] Embed Pods Frameworks";
			outputPaths = (
			);
			runOnlyForDeploymentPostprocessing = 0;
			shellPath = /bin/sh;
			shellScript = "\"${SRCROOT}/Pods/Target Support Files/Pods-IntroToRealm/Pods-IntroToRealm-frameworks.sh\"\n";
			showEnvVarsInLog = 0;
		};
/* End PBXShellScriptBuildPhase section */

/* Begin PBXSourcesBuildPhase section */
		DA865B0D1E69EF1000DFC73A /* Sources */ = {
			isa = PBXSourcesBuildPhase;
			buildActionMask = 2147483647;
			files = (
				DA865B331E69F73200DFC73A /* Furniture.m in Sources */,
				DA865B301E69F6C800DFC73A /* Room.m in Sources */,
				DA865B191E69EF1000DFC73A /* AppDelegate.m in Sources */,
				DA865B1C1E69EF1000DFC73A /* MasterViewController.m in Sources */,
				DA865B161E69EF1000DFC73A /* main.m in Sources */,
				DA865B1F1E69EF1000DFC73A /* DetailViewController.m in Sources */,
			);
			runOnlyForDeploymentPostprocessing = 0;
		};
/* End PBXSourcesBuildPhase section */

/* Begin PBXVariantGroup section */
		DA865B201E69EF1000DFC73A /* Main.storyboard */ = {
			isa = PBXVariantGroup;
			children = (
				DA865B211E69EF1000DFC73A /* Base */,
			);
			name = Main.storyboard;
			sourceTree = "<group>";
		};
		DA865B251E69EF1000DFC73A /* LaunchScreen.storyboard */ = {
			isa = PBXVariantGroup;
			children = (
				DA865B261E69EF1000DFC73A /* Base */,
			);
			name = LaunchScreen.storyboard;
			sourceTree = "<group>";
		};
/* End PBXVariantGroup section */

/* Begin XCBuildConfiguration section */
		DA865B291E69EF1000DFC73A /* Debug */ = {
			isa = XCBuildConfiguration;
			buildSettings = {
				ALWAYS_SEARCH_USER_PATHS = NO;
				CLANG_ANALYZER_NONNULL = YES;
				CLANG_CXX_LANGUAGE_STANDARD = "gnu++0x";
				CLANG_CXX_LIBRARY = "libc++";
				CLANG_ENABLE_MODULES = YES;
				CLANG_ENABLE_OBJC_ARC = YES;
				CLANG_WARN_BOOL_CONVERSION = YES;
				CLANG_WARN_CONSTANT_CONVERSION = YES;
				CLANG_WARN_DIRECT_OBJC_ISA_USAGE = YES_ERROR;
				CLANG_WARN_DOCUMENTATION_COMMENTS = YES;
				CLANG_WARN_EMPTY_BODY = YES;
				CLANG_WARN_ENUM_CONVERSION = YES;
				CLANG_WARN_INFINITE_RECURSION = YES;
				CLANG_WARN_INT_CONVERSION = YES;
				CLANG_WARN_OBJC_ROOT_CLASS = YES_ERROR;
				CLANG_WARN_SUSPICIOUS_MOVE = YES;
				CLANG_WARN_UNREACHABLE_CODE = YES;
				CLANG_WARN__DUPLICATE_METHOD_MATCH = YES;
				"CODE_SIGN_IDENTITY[sdk=iphoneos*]" = "iPhone Developer";
				COPY_PHASE_STRIP = NO;
				DEBUG_INFORMATION_FORMAT = dwarf;
				ENABLE_STRICT_OBJC_MSGSEND = YES;
				ENABLE_TESTABILITY = YES;
				GCC_C_LANGUAGE_STANDARD = gnu99;
				GCC_DYNAMIC_NO_PIC = NO;
				GCC_NO_COMMON_BLOCKS = YES;
				GCC_OPTIMIZATION_LEVEL = 0;
				GCC_PREPROCESSOR_DEFINITIONS = (
					"DEBUG=1",
					"$(inherited)",
				);
				GCC_WARN_64_TO_32_BIT_CONVERSION = YES;
				GCC_WARN_ABOUT_RETURN_TYPE = YES_ERROR;
				GCC_WARN_UNDECLARED_SELECTOR = YES;
				GCC_WARN_UNINITIALIZED_AUTOS = YES_AGGRESSIVE;
				GCC_WARN_UNUSED_FUNCTION = YES;
				GCC_WARN_UNUSED_VARIABLE = YES;
				IPHONEOS_DEPLOYMENT_TARGET = 10.2;
				MTL_ENABLE_DEBUG_INFO = YES;
				ONLY_ACTIVE_ARCH = YES;
				SDKROOT = iphoneos;
				TARGETED_DEVICE_FAMILY = "1,2";
			};
			name = Debug;
		};
		DA865B2A1E69EF1000DFC73A /* Release */ = {
			isa = XCBuildConfiguration;
			buildSettings = {
				ALWAYS_SEARCH_USER_PATHS = NO;
				CLANG_ANALYZER_NONNULL = YES;
				CLANG_CXX_LANGUAGE_STANDARD = "gnu++0x";
				CLANG_CXX_LIBRARY = "libc++";
				CLANG_ENABLE_MODULES = YES;
				CLANG_ENABLE_OBJC_ARC = YES;
				CLANG_WARN_BOOL_CONVERSION = YES;
				CLANG_WARN_CONSTANT_CONVERSION = YES;
				CLANG_WARN_DIRECT_OBJC_ISA_USAGE = YES_ERROR;
				CLANG_WARN_DOCUMENTATION_COMMENTS = YES;
				CLANG_WARN_EMPTY_BODY = YES;
				CLANG_WARN_ENUM_CONVERSION = YES;
				CLANG_WARN_INFINITE_RECURSION = YES;
				CLANG_WARN_INT_CONVERSION = YES;
				CLANG_WARN_OBJC_ROOT_CLASS = YES_ERROR;
				CLANG_WARN_SUSPICIOUS_MOVE = YES;
				CLANG_WARN_UNREACHABLE_CODE = YES;
				CLANG_WARN__DUPLICATE_METHOD_MATCH = YES;
				"CODE_SIGN_IDENTITY[sdk=iphoneos*]" = "iPhone Developer";
				COPY_PHASE_STRIP = NO;
				DEBUG_INFORMATION_FORMAT = "dwarf-with-dsym";
				ENABLE_NS_ASSERTIONS = NO;
				ENABLE_STRICT_OBJC_MSGSEND = YES;
				GCC_C_LANGUAGE_STANDARD = gnu99;
				GCC_NO_COMMON_BLOCKS = YES;
				GCC_WARN_64_TO_32_BIT_CONVERSION = YES;
				GCC_WARN_ABOUT_RETURN_TYPE = YES_ERROR;
				GCC_WARN_UNDECLARED_SELECTOR = YES;
				GCC_WARN_UNINITIALIZED_AUTOS = YES_AGGRESSIVE;
				GCC_WARN_UNUSED_FUNCTION = YES;
				GCC_WARN_UNUSED_VARIABLE = YES;
				IPHONEOS_DEPLOYMENT_TARGET = 10.2;
				MTL_ENABLE_DEBUG_INFO = NO;
				SDKROOT = iphoneos;
				TARGETED_DEVICE_FAMILY = "1,2";
				VALIDATE_PRODUCT = YES;
			};
			name = Release;
		};
		DA865B2C1E69EF1000DFC73A /* Debug */ = {
			isa = XCBuildConfiguration;
			baseConfigurationReference = E42539579EC058AD7BEE99C4 /* Pods-IntroToRealm.debug.xcconfig */;
			buildSettings = {
				ASSETCATALOG_COMPILER_APPICON_NAME = AppIcon;
				DEVELOPMENT_TEAM = UZD8JHA5UW;
				INFOPLIST_FILE = IntroToRealm/Info.plist;
				LD_RUNPATH_SEARCH_PATHS = "$(inherited) @executable_path/Frameworks";
				PRODUCT_BUNDLE_IDENTIFIER = com.leomoon.IntroToRealm;
				PRODUCT_NAME = "$(TARGET_NAME)";
			};
			name = Debug;
		};
		DA865B2D1E69EF1000DFC73A /* Release */ = {
			isa = XCBuildConfiguration;
			baseConfigurationReference = 858E1C30211B10E13D561CAD /* Pods-IntroToRealm.release.xcconfig */;
			buildSettings = {
				ASSETCATALOG_COMPILER_APPICON_NAME = AppIcon;
				DEVELOPMENT_TEAM = UZD8JHA5UW;
				INFOPLIST_FILE = IntroToRealm/Info.plist;
				LD_RUNPATH_SEARCH_PATHS = "$(inherited) @executable_path/Frameworks";
				PRODUCT_BUNDLE_IDENTIFIER = com.leomoon.IntroToRealm;
				PRODUCT_NAME = "$(TARGET_NAME)";
			};
			name = Release;
		};
/* End XCBuildConfiguration section */

/* Begin XCConfigurationList section */
		DA865B0C1E69EF1000DFC73A /* Build configuration list for PBXProject "IntroToRealm" */ = {
			isa = XCConfigurationList;
			buildConfigurations = (
				DA865B291E69EF1000DFC73A /* Debug */,
				DA865B2A1E69EF1000DFC73A /* Release */,
			);
			defaultConfigurationIsVisible = 0;
			defaultConfigurationName = Release;
		};
		DA865B2B1E69EF1000DFC73A /* Build configuration list for PBXNativeTarget "IntroToRealm" */ = {
			isa = XCConfigurationList;
			buildConfigurations = (
				DA865B2C1E69EF1000DFC73A /* Debug */,
				DA865B2D1E69EF1000DFC73A /* Release */,
			);
			defaultConfigurationIsVisible = 0;
			defaultConfigurationName = Release;
		};
/* End XCConfigurationList section */
	};
	rootObject = DA865B091E69EF1000DFC73A /* Project object */;
}
